
Microsoft Visual Studio Solution File, Format Version 12.00
# Visual Studio 15
VisualStudioVersion = 15.0.28307.329
MinimumVisualStudioVersion = 10.0.40219.1
Project("{FAE04EC0-301F-11D3-BF4B-00C04F79EFBC}") = "TinyOpgave", "TinyOpgave.csproj", "{D49A60F3-6632-4827-8C01-EC4989E5367E}"
EndProject
Global
	GlobalSection(SolutionConfigurationPlatforms) = preSolution
		Debug|Any CPU = Debug|Any CPU
		Release|Any CPU = Release|Any CPU
	EndGlobalSection
	GlobalSection(ProjectConfigurationPlatforms) = postSolution
		{D49A60F3-6632-4827-8C01-EC4989E5367E}.Debug|Any CPU.ActiveCfg = Debug|Any CPU
		{D49A60F3-6632-4827-8C01-EC4989E5367E}.Debug|Any CPU.Build.0 = Debug|Any CPU
		{D49A60F3-6632-4827-8C01-EC4989E5367E}.Release|Any CPU.ActiveCfg = Release|Any CPU
		{D49A60F3-6632-4827-8C01-EC4989E5367E}.Release|Any CPU.Build.0 = Release|Any CPU
	EndGlobalSection
	GlobalSection(SolutionProperties) = preSolution
		HideSolutionNode = FALSE
	EndGlobalSection
	GlobalSection(ExtensibilityGlobals) = postSolution
		SolutionGuid = {BF93ED3F-75B4-4665-A99A-24CEDA48CB7F}
	EndGlobalSection
EndGlobal
